
Microsoft Visual Studio Solution File, Format Version 12.00
# Visual Studio 15
VisualStudioVersion = 15.0.28307.421
MinimumVisualStudioVersion = 10.0.40219.1
Project("{FAE04EC0-301F-11D3-BF4B-00C04F79EFBC}") = "TPELab1", "TPELab1\TPELab1.csproj", "{4CEF5905-64EB-4A71-AF34-E2FBE36F9B14}"
EndProject
Global
	GlobalSection(SolutionConfigurationPlatforms) = preSolution
		Debug|Any CPU = Debug|Any CPU
		Release|Any CPU = Release|Any CPU
	EndGlobalSection
	GlobalSection(ProjectConfigurationPlatforms) = postSolution
		{4CEF5905-64EB-4A71-AF34-E2FBE36F9B14}.Debug|Any CPU.ActiveCfg = Debug|Any CPU
		{4CEF5905-64EB-4A71-AF34-E2FBE36F9B14}.Debug|Any CPU.Build.0 = Debug|Any CPU
		{4CEF5905-64EB-4A71-AF34-E2FBE36F9B14}.Release|Any CPU.ActiveCfg = Release|Any CPU
		{4CEF5905-64EB-4A71-AF34-E2FBE36F9B14}.Release|Any CPU.Build.0 = Release|Any CPU
	EndGlobalSection
	GlobalSection(SolutionProperties) = preSolution
		HideSolutionNode = FALSE
	EndGlobalSection
	GlobalSection(ExtensibilityGlobals) = postSolution
		SolutionGuid = {8CB6F028-80BF-41C0-98FA-E4BD257AF378}
	EndGlobalSection
EndGlobal
